# This file is automatically @generated by Cargo.
# It is not intended for manual editing.
version = 3

[[package]]
name = "core-multiple-1"
version = "0.1.1"

[[package]]
name = "core-multiple-2"
version = "0.1.1"
dependencies = [
 "core-multiple-3",
]

[[package]]
name = "core-multiple-3"
version = "0.1.1"
dependencies = [
 "prover-multiple-3",
]

[[package]]
name = "prover-multiple-3"
version = "0.1.1"
dependencies = [
 "core-multiple-1",
]
